<?xml version="1.0" encoding="utf-8"?>
<Project ToolsVersion="4.0" xmlns="http://schemas.microsoft.com/developer/msbuild/2003">
  <ItemGroup>
    <Filter Include="Headerdateien">
      <UniqueIdentifier>{93995380-89BD-4b04-88EB-625FBE52EBFB}</UniqueIdentifier>
      <Extensions>h;hh;hpp;hxx;h++;hm;inl;inc;ipp;xsd</Extensions>
    </Filter>
    <Filter Include="inputs">
      <UniqueIdentifier>{67DA6AB6-F800-4c08-8B7A-83BB121AAD01}</UniqueIdentifier>
      <Extensions>rc;ico;cur;bmp;dlg;rc2;rct;bin;rgs;gif;jpg;jpeg;jpe;resx;tiff;tif;png;wav;mfcribbon-ms</Extensions>
    </Filter>
    <Filter Include="puzzels">
      <UniqueIdentifier>{0c3a7bdb-123d-4b2a-aa31-a40937518106}</UniqueIdentifier>
    </Filter>
    <Filter Include="src">
      <UniqueIdentifier>{4FC737F1-C7A5-4376-A066-2A32D752A2FF}</UniqueIdentifier>
      <Extensions>cpp;c;cc;cxx;c++;cppm;ixx;def;odl;idl;hpj;bat;asm;asmx</Extensions>
    </Filter>
    <Filter Include="outputs">
      <UniqueIdentifier>{da9b4da8-a814-4c91-95c0-ebb9fa1b93e0}</UniqueIdentifier>
    </Filter>
  </ItemGroup>
  <ItemGroup>
    <Text Include="input1.txt">
      <Filter>inputs</Filter>
    </Text>
    <Text Include="input2.txt">
      <Filter>inputs</Filter>
    </Text>
    <Text Include="input3.txt">
      <Filter>inputs</Filter>
    </Text>
    <Text Include="input4.txt">
      <Filter>inputs</Filter>
    </Text>
    <Text Include="input5.txt">
      <Filter>inputs</Filter>
    </Text>
    <Text Include="input6.txt">
      <Filter>inputs</Filter>
    </Text>
    <Text Include="input7.txt">
      <Filter>inputs</Filter>
    </Text>
    <Text Include="input8.txt">
      <Filter>inputs</Filter>
    </Text>
    <Text Include="input9.txt">
      <Filter>inputs</Filter>
    </Text>
    <Text Include="input10.txt">
      <Filter>inputs</Filter>
    </Text>
    <Text Include="output10.txt">
      <Filter>outputs</Filter>
    </Text>
    <Text Include="input11.txt">
      <Filter>inputs</Filter>
    </Text>
    <Text Include="input12.txt">
      <Filter>inputs</Filter>
    </Text>
  </ItemGroup>
  <ItemGroup>
    <ClCompile Include="Day01.cpp">
      <Filter>puzzels</Filter>
    </ClCompile>
    <ClCompile Include="Main.cpp">
      <Filter>src</Filter>
    </ClCompile>
    <ClCompile Include="Day02.cpp">
      <Filter>puzzels</Filter>
    </ClCompile>
    <ClCompile Include="template.cpp">
      <Filter>puzzels</Filter>
    </ClCompile>
    <ClCompile Include="Day03.cpp">
      <Filter>puzzels</Filter>
    </ClCompile>
    <ClCompile Include="Day04.cpp">
      <Filter>puzzels</Filter>
    </ClCompile>
    <ClCompile Include="Day05.cpp">
      <Filter>puzzels</Filter>
    </ClCompile>
    <ClCompile Include="Day06.cpp">
      <Filter>puzzels</Filter>
    </ClCompile>
    <ClCompile Include="Day07.cpp">
      <Filter>puzzels</Filter>
    </ClCompile>
    <ClCompile Include="Day08.cpp">
      <Filter>puzzels</Filter>
    </ClCompile>
    <ClCompile Include="Day09.cpp">
      <Filter>puzzels</Filter>
    </ClCompile>
    <ClCompile Include="Day10.cpp">
      <Filter>puzzels</Filter>
    </ClCompile>
    <ClCompile Include="Day11.cpp">
      <Filter>puzzels</Filter>
    </ClCompile>
    <ClCompile Include="Day12.cpp">
      <Filter>puzzels</Filter>
    </ClCompile>
  </ItemGroup>
  <ItemGroup>
    <ClInclude Include="DefPuzzels.h">
      <Filter>Headerdateien</Filter>
    </ClInclude>
    <ClInclude Include="InputSetup.h">
      <Filter>Headerdateien</Filter>
    </ClInclude>
  </ItemGroup>
  <ItemGroup>
    <None Include="test.txt">
      <Filter>inputs</Filter>
    </None>
  </ItemGroup>
</Project>